
Microsoft Visual Studio Solution File, Format Version 12.00
# Visual Studio 14
VisualStudioVersion = 14.0.23107.0
MinimumVisualStudioVersion = 10.0.40219.1
Project("{FAE04EC0-301F-11D3-BF4B-00C04F79EFBC}") = "Registropelicula", "Registropelicula\Registropelicula.csproj", "{BECED4FD-0CD4-472A-A35C-2B142FD7836C}"
EndProject
Project("{FAE04EC0-301F-11D3-BF4B-00C04F79EFBC}") = "BLL", "BLL\BLL.csproj", "{7263C068-A6C8-479E-853C-C8F6FAE99142}"
EndProject
Project("{FAE04EC0-301F-11D3-BF4B-00C04F79EFBC}") = "DAL", "DAL\DAL.csproj", "{93D24BA2-A9CC-4590-8938-8615991D00E1}"
EndProject
Global
	GlobalSection(SolutionConfigurationPlatforms) = preSolution
		Debug|Any CPU = Debug|Any CPU
		Release|Any CPU = Release|Any CPU
	EndGlobalSection
	GlobalSection(ProjectConfigurationPlatforms) = postSolution
		{BECED4FD-0CD4-472A-A35C-2B142FD7836C}.Debug|Any CPU.ActiveCfg = Debug|Any CPU
		{BECED4FD-0CD4-472A-A35C-2B142FD7836C}.Debug|Any CPU.Build.0 = Debug|Any CPU
		{BECED4FD-0CD4-472A-A35C-2B142FD7836C}.Release|Any CPU.ActiveCfg = Release|Any CPU
		{BECED4FD-0CD4-472A-A35C-2B142FD7836C}.Release|Any CPU.Build.0 = Release|Any CPU
		{7263C068-A6C8-479E-853C-C8F6FAE99142}.Debug|Any CPU.ActiveCfg = Debug|Any CPU
		{7263C068-A6C8-479E-853C-C8F6FAE99142}.Debug|Any CPU.Build.0 = Debug|Any CPU
		{7263C068-A6C8-479E-853C-C8F6FAE99142}.Release|Any CPU.ActiveCfg = Release|Any CPU
		{7263C068-A6C8-479E-853C-C8F6FAE99142}.Release|Any CPU.Build.0 = Release|Any CPU
		{93D24BA2-A9CC-4590-8938-8615991D00E1}.Debug|Any CPU.ActiveCfg = Debug|Any CPU
		{93D24BA2-A9CC-4590-8938-8615991D00E1}.Debug|Any CPU.Build.0 = Debug|Any CPU
		{93D24BA2-A9CC-4590-8938-8615991D00E1}.Release|Any CPU.ActiveCfg = Release|Any CPU
		{93D24BA2-A9CC-4590-8938-8615991D00E1}.Release|Any CPU.Build.0 = Release|Any CPU
	EndGlobalSection
	GlobalSection(SolutionProperties) = preSolution
		HideSolutionNode = FALSE
	EndGlobalSection
EndGlobal
